{
  "name": "lord_of_pomelo",
  "version": "0.3.0",
  "lockfileVersion": 1,
  "requires": true,
  "dependencies": {
    "async": {
      "version": "2.6.1",
      "resolved": "http://registry.npm.taobao.org/async/download/async-2.6.1.tgz",
      "integrity": "sha1-skWiPKcZMAROxT+kaqAKPofGphA=",
      "requires": {
        "lodash": "4.17.10"
      }
    },
    "bignumber.js": {
      "version": "4.0.4",
      "resolved": "http://registry.npm.taobao.org/bignumber.js/download/bignumber.js-4.0.4.tgz",
      "integrity": "sha1-fED1q80tZiOre5loLufbgbEYiaQ="
    },
    "connect": {
      "version": "3.6.6",
      "resolved": "http://registry.npm.taobao.org/connect/download/connect-3.6.6.tgz",
      "integrity": "sha1-Ce/2xVr3I24TcTWnJXSFi2eG9SQ=",
      "requires": {
        "debug": "2.6.9",
        "finalhandler": "1.1.0",
        "parseurl": "1.3.2",
        "utils-merge": "1.0.1"
      }
    },
    "core-util-is": {
      "version": "1.0.2",
      "resolved": "http://registry.npm.taobao.org/core-util-is/download/core-util-is-1.0.2.tgz",
      "integrity": "sha1-tf1UIgqivFq1eqtxQMlAdUUDwac="
    },
    "crc": {
      "version": "3.5.0",
      "resolved": "http://registry.npm.taobao.org/crc/download/crc-3.5.0.tgz",
      "integrity": "sha1-mLi6fUiWZbo5efWbITgTdBAaGWQ="
    },
    "debug": {
      "version": "2.6.9",
      "resolved": "http://registry.npm.taobao.org/debug/download/debug-2.6.9.tgz",
      "integrity": "sha1-XRKFFd8TT/Mn6QpMk/Tgd6U2NB8=",
      "requires": {
        "ms": "2.0.0"
      }
    },
    "dequeue": {
      "version": "1.0.3",
      "resolved": "http://registry.npm.taobao.org/dequeue/download/dequeue-1.0.3.tgz",
      "integrity": "sha1-MLj02i/CQJUaFdMbNSg+KbLeiXg="
    },
    "ee-first": {
      "version": "1.1.1",
      "resolved": "http://registry.npm.taobao.org/ee-first/download/ee-first-1.1.1.tgz",
      "integrity": "sha1-WQxhFWsK4vTwJVcyoViyZrxWsh0="
    },
    "encodeurl": {
      "version": "1.0.2",
      "resolved": "http://registry.npm.taobao.org/encodeurl/download/encodeurl-1.0.2.tgz",
      "integrity": "sha1-rT/0yG7C0CkyL1oCw6mmBslbP1k="
    },
    "escape-html": {
      "version": "1.0.3",
      "resolved": "http://registry.npm.taobao.org/escape-html/download/escape-html-1.0.3.tgz",
      "integrity": "sha1-Aljq5NPQwJdN4cFpGI7wBR0dGYg="
    },
    "express": {
      "version": "2.5.2",
      "resolved": "http://registry.npm.taobao.org/express/download/express-2.5.2.tgz",
      "integrity": "sha1-1YxB99/5ppaWz/zI6b3k6By7y+8=",
      "requires": {
        "connect": "1.8.7",
        "mime": "2.3.1",
        "mkdirp": "0.0.7",
        "qs": "6.5.2"
      },
      "dependencies": {
        "connect": {
          "version": "1.8.7",
          "resolved": "http://registry.npm.taobao.org/connect/download/connect-1.8.7.tgz",
          "integrity": "sha1-tiAoGITUVfq5TGk9LbdIZS1sjBc=",
          "requires": {
            "formidable": "1.0.17",
            "mime": "2.3.1",
            "qs": "6.5.2"
          }
        },
        "mime": {
          "version": "2.3.1",
          "resolved": "http://registry.npm.taobao.org/mime/download/mime-2.3.1.tgz",
          "integrity": "sha1-sWIcVNY7l8R9PP5/chX31kUXw2k="
        }
      }
    },
    "finalhandler": {
      "version": "1.1.0",
      "resolved": "http://registry.npm.taobao.org/finalhandler/download/finalhandler-1.1.0.tgz",
      "integrity": "sha1-zgtoVbRYU+eRsvzGgARtiCU91/U=",
      "requires": {
        "debug": "2.6.9",
        "encodeurl": "1.0.2",
        "escape-html": "1.0.3",
        "on-finished": "2.3.0",
        "parseurl": "1.3.2",
        "statuses": "1.3.1",
        "unpipe": "1.0.0"
      }
    },
    "formidable": {
      "version": "1.0.17",
      "resolved": "http://registry.npm.taobao.org/formidable/download/formidable-1.0.17.tgz",
      "integrity": "sha1-71SRSQ+UM7cF+qdyScmQKa40hVk="
    },
    "generic-pool": {
      "version": "3.4.2",
      "resolved": "http://registry.npm.taobao.org/generic-pool/download/generic-pool-3.4.2.tgz",
      "integrity": "sha1-kv9xllINZwg5pnMICSoSqt8valk="
    },
    "inherits": {
      "version": "2.0.3",
      "resolved": "http://registry.npm.taobao.org/inherits/download/inherits-2.0.3.tgz",
      "integrity": "sha1-Yzwsg+PaQqUC9SRmAiSA9CCCYd4="
    },
    "isarray": {
      "version": "1.0.0",
      "resolved": "http://registry.npm.taobao.org/isarray/download/isarray-1.0.0.tgz",
      "integrity": "sha1-u5NdSFgsuhaMBoNJV6VKPgcSTxE="
    },
    "lodash": {
      "version": "4.17.10",
      "resolved": "http://registry.npm.taobao.org/lodash/download/lodash-4.17.10.tgz",
      "integrity": "sha1-G3eTz3JZ6jj7NmHU04syYK+K5Oc="
    },
    "log4js": {
      "version": "0.6.21",
      "resolved": "http://registry.npm.taobao.org/log4js/download/log4js-0.6.21.tgz",
      "integrity": "sha1-Z07QnvD/6RPCo1B09pe9BHu1O18=",
      "requires": {
        "async": "0.2.10",
        "readable-stream": "1.0.34",
        "semver": "1.1.4"
      },
      "dependencies": {
        "async": {
          "version": "0.2.10",
          "resolved": "http://registry.npm.taobao.org/async/download/async-0.2.10.tgz",
          "integrity": "sha1-trvgsGdLnXGXCMo43owjfLUmw9E="
        },
        "isarray": {
          "version": "0.0.1",
          "resolved": "http://registry.npm.taobao.org/isarray/download/isarray-0.0.1.tgz",
          "integrity": "sha1-ihis/Kmo9Bd+Cav8YDiTmwXR7t8="
        },
        "readable-stream": {
          "version": "1.0.34",
          "resolved": "http://registry.npm.taobao.org/readable-stream/download/readable-stream-1.0.34.tgz",
          "integrity": "sha1-Elgg40vIQtLyqq+v5MKRbuMsFXw=",
          "requires": {
            "core-util-is": "1.0.2",
            "inherits": "2.0.3",
            "isarray": "0.0.1",
            "string_decoder": "0.10.31"
          }
        },
        "string_decoder": {
          "version": "0.10.31",
          "resolved": "http://registry.npm.taobao.org/string_decoder/download/string_decoder-0.10.31.tgz",
          "integrity": "sha1-YuIDvEF2bGwoyfyEMB2rHFMQ+pQ="
        }
      }
    },
    "mime": {
      "version": "1.5.0",
      "resolved": "http://registry.npm.taobao.org/mime/download/mime-1.5.0.tgz",
      "integrity": "sha1-WcIOA64RYInt6307NKZ4jFs8zOo="
    },
    "mkdirp": {
      "version": "0.0.7",
      "resolved": "http://registry.npm.taobao.org/mkdirp/download/mkdirp-0.0.7.tgz",
      "integrity": "sha1-2JtPDkw+XlylQjWTFnXglP4aUHI="
    },
    "ms": {
      "version": "2.0.0",
      "resolved": "http://registry.npm.taobao.org/ms/download/ms-2.0.0.tgz",
      "integrity": "sha1-VgiurfwAvmwpAd9fmGF4jeDVl8g="
    },
    "mysql": {
      "version": "2.15.0",
      "resolved": "http://registry.npm.taobao.org/mysql/download/mysql-2.15.0.tgz",
      "integrity": "sha1-6haEEVY0Po8uR/yJhexBzdlXO1w=",
      "requires": {
        "bignumber.js": "4.0.4",
        "readable-stream": "2.3.3",
        "safe-buffer": "5.1.1",
        "sqlstring": "2.3.0"
      }
    },
    "node-zookeeper-client": {
      "version": "0.2.0",
      "resolved": "http://registry.npm.taobao.org/node-zookeeper-client/download/node-zookeeper-client-0.2.0.tgz",
      "integrity": "sha1-9ErSfPDVox/jxuvAs/D2P0cxWmI=",
      "requires": {
        "async": "0.2.10",
        "underscore": "1.4.4"
      },
      "dependencies": {
        "async": {
          "version": "0.2.10",
          "resolved": "http://registry.npm.taobao.org/async/download/async-0.2.10.tgz",
          "integrity": "sha1-trvgsGdLnXGXCMo43owjfLUmw9E="
        },
        "underscore": {
          "version": "1.4.4",
          "resolved": "http://registry.npm.taobao.org/underscore/download/underscore-1.4.4.tgz",
          "integrity": "sha1-YaajIBBiKvoHljvzJSA88SI51gQ="
        }
      }
    },
    "on-finished": {
      "version": "2.3.0",
      "resolved": "http://registry.npm.taobao.org/on-finished/download/on-finished-2.3.0.tgz",
      "integrity": "sha1-IPEzZIGwg811M3mSoWlxqi2QaUc=",
      "requires": {
        "ee-first": "1.1.1"
      }
    },
    "parseurl": {
      "version": "1.3.2",
      "resolved": "http://registry.npm.taobao.org/parseurl/download/parseurl-1.3.2.tgz",
      "integrity": "sha1-/CidTtiZMRlGDBViUyYs3I3mW/M="
    },
    "pomelo-aoi": {
      "version": "0.3.34",
      "resolved": "http://registry.npm.taobao.org/pomelo-aoi/download/pomelo-aoi-0.3.34.tgz",
      "integrity": "sha1-4+nfrm8h8J5yO0gTlD7pCvL8c9c="
    },
    "pomelo-bt": {
      "version": "0.0.1",
      "resolved": "http://registry.npm.taobao.org/pomelo-bt/download/pomelo-bt-0.0.1.tgz",
      "integrity": "sha1-7JNr9iZMCUCNEhpUIfjW+0PRQ74="
    },
    "pomelo-collection": {
      "version": "0.1.0",
      "resolved": "http://registry.npm.taobao.org/pomelo-collection/download/pomelo-collection-0.1.0.tgz",
      "integrity": "sha1-UTau7jW6STKBO1i7yUD5oncxwv0="
    },
    "pomelo-logger": {
      "version": "0.1.7",
      "resolved": "http://registry.npm.taobao.org/pomelo-logger/download/pomelo-logger-0.1.7.tgz",
      "integrity": "sha1-skhvmVlDSmNuTzhbAiQej3wZEmU=",
      "requires": {
        "log4js": "0.6.21"
      }
    },
    "pomelo-monitor": {
      "version": "0.3.7",
      "resolved": "http://registry.npm.taobao.org/pomelo-monitor/download/pomelo-monitor-0.3.7.tgz",
      "integrity": "sha1-DAEec+n4Fj+4tZD+idxXeGmlies="
    },
    "pomelo-pathfinding": {
      "version": "0.1.0",
      "resolved": "http://registry.npm.taobao.org/pomelo-pathfinding/download/pomelo-pathfinding-0.1.0.tgz",
      "integrity": "sha1-e8eqCcCk7JsKYHvFsbAqfy1Izww="
    },
    "pomelo-sync": {
      "version": "0.0.3",
      "resolved": "http://registry.npm.taobao.org/pomelo-sync/download/pomelo-sync-0.0.3.tgz",
      "integrity": "sha1-dgWYYquWTSg5YvRiNlRJpaYOAsY="
    },
    "pomelo-sync-plugin": {
      "version": "0.0.1",
      "resolved": "http://registry.npm.taobao.org/pomelo-sync-plugin/download/pomelo-sync-plugin-0.0.1.tgz",
      "integrity": "sha1-AkkSHTwZcmczu5fg0IOILtZVN+o=",
      "requires": {
        "pomelo-logger": "0.0.3",
        "pomelo-sync": "0.0.3"
      },
      "dependencies": {
        "async": {
          "version": "0.1.15",
          "resolved": "http://registry.npm.taobao.org/async/download/async-0.1.15.tgz",
          "integrity": "sha1-IYDqyizypspSgNQcBYW+ybPkm9M="
        },
        "log4js": {
          "version": "0.5.7",
          "resolved": "http://registry.npm.taobao.org/log4js/download/log4js-0.5.7.tgz",
          "integrity": "sha1-9jkK5GaB6zUKqF1n8ixZaNOcw4g=",
          "requires": {
            "async": "0.1.15",
            "dequeue": "1.0.3"
          }
        },
        "pomelo-logger": {
          "version": "0.0.3",
          "resolved": "http://registry.npm.taobao.org/pomelo-logger/download/pomelo-logger-0.0.3.tgz",
          "integrity": "sha1-OZ3YVEQjEDHmWK4Hy8AzD4sbX0I=",
          "requires": {
            "log4js": "0.5.7"
          }
        }
      }
    },
    "process-nextick-args": {
      "version": "1.0.7",
      "resolved": "http://registry.npm.taobao.org/process-nextick-args/download/process-nextick-args-1.0.7.tgz",
      "integrity": "sha1-FQ4gt1ZZCtP5EJPyWk8q2L/zC6M="
    },
    "qs": {
      "version": "6.5.2",
      "resolved": "http://registry.npm.taobao.org/qs/download/qs-6.5.2.tgz",
      "integrity": "sha1-yzroBuh0BERYTvFUzo7pjUA/PjY="
    },
    "readable-stream": {
      "version": "2.3.3",
      "resolved": "http://registry.npm.taobao.org/readable-stream/download/readable-stream-2.3.3.tgz",
      "integrity": "sha1-No8lEtefnUb9/HE0mueHi7weuVw=",
      "requires": {
        "core-util-is": "1.0.2",
        "inherits": "2.0.3",
        "isarray": "1.0.0",
        "process-nextick-args": "1.0.7",
        "safe-buffer": "5.1.1",
        "string_decoder": "1.0.3",
        "util-deprecate": "1.0.2"
      }
    },
    "safe-buffer": {
      "version": "5.1.1",
      "resolved": "http://registry.npm.taobao.org/safe-buffer/download/safe-buffer-5.1.1.tgz",
      "integrity": "sha1-iTMSr2myEj3vcfV4iQAWce6yyFM="
    },
    "semver": {
      "version": "1.1.4",
      "resolved": "http://registry.npm.taobao.org/semver/download/semver-1.1.4.tgz",
      "integrity": "sha1-LlpOcrqwNHLMl/cnU7RQiRLvVUA="
    },
    "sqlstring": {
      "version": "2.3.0",
      "resolved": "http://registry.npm.taobao.org/sqlstring/download/sqlstring-2.3.0.tgz",
      "integrity": "sha1-UluKT9Jtb3GqYegipsr5dtMa0qg="
    },
    "statuses": {
      "version": "1.3.1",
      "resolved": "http://registry.npm.taobao.org/statuses/download/statuses-1.3.1.tgz",
      "integrity": "sha1-+vUbnrdKrvOzrPStX2Gr8ky3uT4="
    },
    "string_decoder": {
      "version": "1.0.3",
      "resolved": "http://registry.npm.taobao.org/string_decoder/download/string_decoder-1.0.3.tgz",
      "integrity": "sha1-D8Z9fBQYJd6UKC3VNr7GubzoYKs=",
      "requires": {
        "safe-buffer": "5.1.1"
      }
    },
    "underscore": {
      "version": "1.5.2",
      "resolved": "http://registry.npm.taobao.org/underscore/download/underscore-1.5.2.tgz",
      "integrity": "sha1-EzXF5PXm0zu7SwBrqMhqAPVW3gg="
    },
    "unpipe": {
      "version": "1.0.0",
      "resolved": "http://registry.npm.taobao.org/unpipe/download/unpipe-1.0.0.tgz",
      "integrity": "sha1-sr9O6FFKrmFltIF4KdIbLvSZBOw="
    },
    "util-deprecate": {
      "version": "1.0.2",
      "resolved": "http://registry.npm.taobao.org/util-deprecate/download/util-deprecate-1.0.2.tgz",
      "integrity": "sha1-RQ1Nyfpw3nMnYvvS1KKJgUGaDM8="
    },
    "utils-merge": {
      "version": "1.0.1",
      "resolved": "http://registry.npm.taobao.org/utils-merge/download/utils-merge-1.0.1.tgz",
      "integrity": "sha1-n5VxD1CiZ5R7LMwSR0HBAoQn5xM="
    }
  }
}
